
Microsoft Visual Studio Solution File, Format Version 12.00
# Visual Studio 14
VisualStudioVersion = 14.0.24720.0
MinimumVisualStudioVersion = 10.0.40219.1
Project("{FAE04EC0-301F-11D3-BF4B-00C04F79EFBC}") = "MobileDeviceExample", "MobileDeviceExample\MobileDeviceExample.csproj", "{80FCC58C-E96D-4853-8249-A1317C931003}"
EndProject
Project("{FAE04EC0-301F-11D3-BF4B-00C04F79EFBC}") = "MobileDevice", "MobileDevice\MobileDevice.csproj", "{4F2F8716-07F0-4AF1-8A76-638C5A750F77}"
EndProject
Global
	GlobalSection(SolutionConfigurationPlatforms) = preSolution
		Debug|Any CPU = Debug|Any CPU
		Release|Any CPU = Release|Any CPU
	EndGlobalSection
	GlobalSection(ProjectConfigurationPlatforms) = postSolution
		{80FCC58C-E96D-4853-8249-A1317C931003}.Debug|Any CPU.ActiveCfg = Debug|Any CPU
		{80FCC58C-E96D-4853-8249-A1317C931003}.Debug|Any CPU.Build.0 = Debug|Any CPU
		{80FCC58C-E96D-4853-8249-A1317C931003}.Release|Any CPU.ActiveCfg = Release|Any CPU
		{80FCC58C-E96D-4853-8249-A1317C931003}.Release|Any CPU.Build.0 = Release|Any CPU
		{4F2F8716-07F0-4AF1-8A76-638C5A750F77}.Debug|Any CPU.ActiveCfg = Debug|Any CPU
		{4F2F8716-07F0-4AF1-8A76-638C5A750F77}.Debug|Any CPU.Build.0 = Debug|Any CPU
		{4F2F8716-07F0-4AF1-8A76-638C5A750F77}.Release|Any CPU.ActiveCfg = Release|Any CPU
		{4F2F8716-07F0-4AF1-8A76-638C5A750F77}.Release|Any CPU.Build.0 = Release|Any CPU
	EndGlobalSection
	GlobalSection(SolutionProperties) = preSolution
		HideSolutionNode = FALSE
	EndGlobalSection
EndGlobal
